
Microsoft Visual Studio Solution File, Format Version 12.00
# Visual Studio Version 16
VisualStudioVersion = 16.0.31515.178
MinimumVisualStudioVersion = 10.0.40219.1
Project("{9A19103F-16F7-4668-BE54-9A1E7A4F7556}") = "APIGateway", "APIGateway\APIGateway.csproj", "{AE887282-DAD1-495E-8033-8087754D3E1C}"
EndProject
Project("{2150E333-8FDC-42A3-9474-1A3956D46DE8}") = "Services", "Services", "{22162490-646B-40CF-ACA3-334B488123BA}"
EndProject
Project("{2150E333-8FDC-42A3-9474-1A3956D46DE8}") = "ContactAPI", "ContactAPI", "{727C8BE0-940B-4CF2-B84F-85BFE62CA3D0}"
EndProject
Project("{2150E333-8FDC-42A3-9474-1A3956D46DE8}") = "ReservationAPI", "ReservationAPI", "{96255D96-8D71-4544-82EF-C2669F0D7ED5}"
EndProject
Project("{9A19103F-16F7-4668-BE54-9A1E7A4F7556}") = "Reservation.API", "Services\ReservationAPI\Reservation.API\Reservation.API.csproj", "{8140F846-B9EF-4390-A546-737C4AB8D990}"
EndProject
Project("{9A19103F-16F7-4668-BE54-9A1E7A4F7556}") = "Contact.API", "Services\ContactAPI\Contact.API\Contact.API.csproj", "{93C65BAC-3A41-45CE-8D35-765C69BE8028}"
EndProject
Project("{9A19103F-16F7-4668-BE54-9A1E7A4F7556}") = "Contact.API.Services", "Services\ContactAPI\Contact.API.Services\Contact.API.Services.csproj", "{F8EDF27F-5E86-455D-93E2-752BDA068A09}"
EndProject
Project("{9A19103F-16F7-4668-BE54-9A1E7A4F7556}") = "Contact.API.Models", "Services\ContactAPI\Contact.API.Models\Contact.API.Models.csproj", "{075CBCDB-BE1C-4813-ADB3-A9B1C20B80F2}"
EndProject
Project("{9A19103F-16F7-4668-BE54-9A1E7A4F7556}") = "Contact.API.Infrastructure", "Services\ContactAPI\Contact.API.Infrastructure\Contact.API.Infrastructure.csproj", "{3AF504D4-9D85-4844-B0CF-7ACC206926D2}"
EndProject
Project("{9A19103F-16F7-4668-BE54-9A1E7A4F7556}") = "Reservation.API.Infrastructure", "Services\ReservationAPI\Reservation.API.Infrastructure\Reservation.API.Infrastructure.csproj", "{B644A1D9-04F7-44EF-9527-48747909A9B6}"
EndProject
Project("{9A19103F-16F7-4668-BE54-9A1E7A4F7556}") = "Reservation.API.Models", "Reservation.API.Models\Reservation.API.Models.csproj", "{190F295A-29D2-4A8C-AD61-21CDE294F772}"
EndProject
Project("{9A19103F-16F7-4668-BE54-9A1E7A4F7556}") = "Reservation.API.Services", "Reservation.API.Services\Reservation.API.Services.csproj", "{A8859389-11CB-47AF-8CE5-6F1D3A76BB9A}"
EndProject
Project("{2150E333-8FDC-42A3-9474-1A3956D46DE8}") = "Solution Items", "Solution Items", "{71E256E8-599F-4BBD-9798-8B53E82CA099}"
	ProjectSection(SolutionItems) = preProject
		docker-compose.yml = docker-compose.yml
	EndProjectSection
EndProject
Global
	GlobalSection(SolutionConfigurationPlatforms) = preSolution
		Debug|Any CPU = Debug|Any CPU
		Release|Any CPU = Release|Any CPU
	EndGlobalSection
	GlobalSection(ProjectConfigurationPlatforms) = postSolution
		{AE887282-DAD1-495E-8033-8087754D3E1C}.Debug|Any CPU.ActiveCfg = Debug|Any CPU
		{AE887282-DAD1-495E-8033-8087754D3E1C}.Debug|Any CPU.Build.0 = Debug|Any CPU
		{AE887282-DAD1-495E-8033-8087754D3E1C}.Release|Any CPU.ActiveCfg = Release|Any CPU
		{AE887282-DAD1-495E-8033-8087754D3E1C}.Release|Any CPU.Build.0 = Release|Any CPU
		{8140F846-B9EF-4390-A546-737C4AB8D990}.Debug|Any CPU.ActiveCfg = Debug|Any CPU
		{8140F846-B9EF-4390-A546-737C4AB8D990}.Debug|Any CPU.Build.0 = Debug|Any CPU
		{8140F846-B9EF-4390-A546-737C4AB8D990}.Release|Any CPU.ActiveCfg = Release|Any CPU
		{8140F846-B9EF-4390-A546-737C4AB8D990}.Release|Any CPU.Build.0 = Release|Any CPU
		{93C65BAC-3A41-45CE-8D35-765C69BE8028}.Debug|Any CPU.ActiveCfg = Debug|Any CPU
		{93C65BAC-3A41-45CE-8D35-765C69BE8028}.Debug|Any CPU.Build.0 = Debug|Any CPU
		{93C65BAC-3A41-45CE-8D35-765C69BE8028}.Release|Any CPU.ActiveCfg = Release|Any CPU
		{93C65BAC-3A41-45CE-8D35-765C69BE8028}.Release|Any CPU.Build.0 = Release|Any CPU
		{F8EDF27F-5E86-455D-93E2-752BDA068A09}.Debug|Any CPU.ActiveCfg = Debug|Any CPU
		{F8EDF27F-5E86-455D-93E2-752BDA068A09}.Debug|Any CPU.Build.0 = Debug|Any CPU
		{F8EDF27F-5E86-455D-93E2-752BDA068A09}.Release|Any CPU.ActiveCfg = Release|Any CPU
		{F8EDF27F-5E86-455D-93E2-752BDA068A09}.Release|Any CPU.Build.0 = Release|Any CPU
		{075CBCDB-BE1C-4813-ADB3-A9B1C20B80F2}.Debug|Any CPU.ActiveCfg = Debug|Any CPU
		{075CBCDB-BE1C-4813-ADB3-A9B1C20B80F2}.Debug|Any CPU.Build.0 = Debug|Any CPU
		{075CBCDB-BE1C-4813-ADB3-A9B1C20B80F2}.Release|Any CPU.ActiveCfg = Release|Any CPU
		{075CBCDB-BE1C-4813-ADB3-A9B1C20B80F2}.Release|Any CPU.Build.0 = Release|Any CPU
		{3AF504D4-9D85-4844-B0CF-7ACC206926D2}.Debug|Any CPU.ActiveCfg = Debug|Any CPU
		{3AF504D4-9D85-4844-B0CF-7ACC206926D2}.Debug|Any CPU.Build.0 = Debug|Any CPU
		{3AF504D4-9D85-4844-B0CF-7ACC206926D2}.Release|Any CPU.ActiveCfg = Release|Any CPU
		{3AF504D4-9D85-4844-B0CF-7ACC206926D2}.Release|Any CPU.Build.0 = Release|Any CPU
		{B644A1D9-04F7-44EF-9527-48747909A9B6}.Debug|Any CPU.ActiveCfg = Debug|Any CPU
		{B644A1D9-04F7-44EF-9527-48747909A9B6}.Debug|Any CPU.Build.0 = Debug|Any CPU
		{B644A1D9-04F7-44EF-9527-48747909A9B6}.Release|Any CPU.ActiveCfg = Release|Any CPU
		{B644A1D9-04F7-44EF-9527-48747909A9B6}.Release|Any CPU.Build.0 = Release|Any CPU
		{190F295A-29D2-4A8C-AD61-21CDE294F772}.Debug|Any CPU.ActiveCfg = Debug|Any CPU
		{190F295A-29D2-4A8C-AD61-21CDE294F772}.Debug|Any CPU.Build.0 = Debug|Any CPU
		{190F295A-29D2-4A8C-AD61-21CDE294F772}.Release|Any CPU.ActiveCfg = Release|Any CPU
		{190F295A-29D2-4A8C-AD61-21CDE294F772}.Release|Any CPU.Build.0 = Release|Any CPU
		{A8859389-11CB-47AF-8CE5-6F1D3A76BB9A}.Debug|Any CPU.ActiveCfg = Debug|Any CPU
		{A8859389-11CB-47AF-8CE5-6F1D3A76BB9A}.Debug|Any CPU.Build.0 = Debug|Any CPU
		{A8859389-11CB-47AF-8CE5-6F1D3A76BB9A}.Release|Any CPU.ActiveCfg = Release|Any CPU
		{A8859389-11CB-47AF-8CE5-6F1D3A76BB9A}.Release|Any CPU.Build.0 = Release|Any CPU
	EndGlobalSection
	GlobalSection(SolutionProperties) = preSolution
		HideSolutionNode = FALSE
	EndGlobalSection
	GlobalSection(NestedProjects) = preSolution
		{727C8BE0-940B-4CF2-B84F-85BFE62CA3D0} = {22162490-646B-40CF-ACA3-334B488123BA}
		{96255D96-8D71-4544-82EF-C2669F0D7ED5} = {22162490-646B-40CF-ACA3-334B488123BA}
		{8140F846-B9EF-4390-A546-737C4AB8D990} = {96255D96-8D71-4544-82EF-C2669F0D7ED5}
		{93C65BAC-3A41-45CE-8D35-765C69BE8028} = {727C8BE0-940B-4CF2-B84F-85BFE62CA3D0}
		{F8EDF27F-5E86-455D-93E2-752BDA068A09} = {727C8BE0-940B-4CF2-B84F-85BFE62CA3D0}
		{075CBCDB-BE1C-4813-ADB3-A9B1C20B80F2} = {727C8BE0-940B-4CF2-B84F-85BFE62CA3D0}
		{3AF504D4-9D85-4844-B0CF-7ACC206926D2} = {727C8BE0-940B-4CF2-B84F-85BFE62CA3D0}
		{B644A1D9-04F7-44EF-9527-48747909A9B6} = {96255D96-8D71-4544-82EF-C2669F0D7ED5}
		{190F295A-29D2-4A8C-AD61-21CDE294F772} = {96255D96-8D71-4544-82EF-C2669F0D7ED5}
		{A8859389-11CB-47AF-8CE5-6F1D3A76BB9A} = {96255D96-8D71-4544-82EF-C2669F0D7ED5}
	EndGlobalSection
	GlobalSection(ExtensibilityGlobals) = postSolution
		SolutionGuid = {5D4E962E-5DB5-4F9A-97AA-273D819DE513}
	EndGlobalSection
EndGlobal
